
Microsoft Visual Studio Solution File, Format Version 12.00
# Visual Studio Version 17
VisualStudioVersion = 17.2.32630.192
MinimumVisualStudioVersion = 10.0.40219.1
Project("{FAE04EC0-301F-11D3-BF4B-00C04F79EFBC}") = "LevellingCustomizer", "LevellingCustomizer\LevellingCustomizer.csproj", "{514B81FB-3C3F-4CCB-8806-D8D0332E9EC5}"
EndProject
Global
	GlobalSection(SolutionConfigurationPlatforms) = preSolution
		Debug|x64 = Debug|x64
		Release|x64 = Release|x64
	EndGlobalSection
	GlobalSection(ProjectConfigurationPlatforms) = postSolution
		{514B81FB-3C3F-4CCB-8806-D8D0332E9EC5}.Debug|x64.ActiveCfg = Debug|x64
		{514B81FB-3C3F-4CCB-8806-D8D0332E9EC5}.Debug|x64.Build.0 = Debug|x64
		{514B81FB-3C3F-4CCB-8806-D8D0332E9EC5}.Release|x64.ActiveCfg = Release|x64
		{514B81FB-3C3F-4CCB-8806-D8D0332E9EC5}.Release|x64.Build.0 = Release|x64
	EndGlobalSection
	GlobalSection(SolutionProperties) = preSolution
		HideSolutionNode = FALSE
	EndGlobalSection
	GlobalSection(ExtensibilityGlobals) = postSolution
		SolutionGuid = {C00B6FFA-D442-4512-8F5C-155E605327CF}
	EndGlobalSection
EndGlobal
